
Microsoft Visual Studio Solution File, Format Version 12.00
# Visual Studio Version 17
VisualStudioVersion = 17.5.33414.496
MinimumVisualStudioVersion = 10.0.40219.1
Project("{9A19103F-16F7-4668-BE54-9A1E7A4F7556}") = "Bumblebee", "Bumblebee\Bumblebee.csproj", "{D1F924F6-18C5-41EA-A460-F39140052133}"
EndProject
Project("{9A19103F-16F7-4668-BE54-9A1E7A4F7556}") = "Isango.Entities", "Isango.Entities\Isango.Entities.csproj", "{E280F7DC-188F-4BDE-AEEB-6AA854BF1FC9}"
EndProject
Project("{2150E333-8FDC-42A3-9474-1A3956D46DE8}") = "Services", "Services", "{A33043A0-511D-4AFE-8535-09C3CD0ECE2D}"
EndProject
Project("{9A19103F-16F7-4668-BE54-9A1E7A4F7556}") = "Isango.Service.Contract", "Isango.Service.Contract\Isango.Service.Contract.csproj", "{0FB23321-B427-472B-A14C-008F2AFBFA00}"
EndProject
Project("{9A19103F-16F7-4668-BE54-9A1E7A4F7556}") = "Isango.Service", "Isango.Service\Isango.Service.csproj", "{A9F3A764-B82D-4F95-9927-CAFCB225A2BE}"
EndProject
Project("{2150E333-8FDC-42A3-9474-1A3956D46DE8}") = "Persistence", "Persistence", "{6FF00C45-58E7-4252-BDC4-F5E97D283CB5}"
EndProject
Project("{9A19103F-16F7-4668-BE54-9A1E7A4F7556}") = "Isango.Persistence.Contract", "Isango.Persistence.Contract\Isango.Persistence.Contract.csproj", "{30AA19EC-DDDB-496E-AF79-03272E6F38AC}"
EndProject
Project("{9A19103F-16F7-4668-BE54-9A1E7A4F7556}") = "Isango.Persistence", "Isango.Persistence\Isango.Persistence.csproj", "{774819A7-0117-4EB6-9CD1-92B1BA74FDBF}"
EndProject
Project("{2150E333-8FDC-42A3-9474-1A3956D46DE8}") = "Adapters", "Adapters", "{84179BE6-4BF3-497E-B4CC-E5364BCDA2E2}"
EndProject
Project("{9A19103F-16F7-4668-BE54-9A1E7A4F7556}") = "ServiceAdapters", "ServiceAdapters\ServiceAdapters.csproj", "{DE7C2F93-E113-4152-A544-E328934E6778}"
EndProject
Project("{2150E333-8FDC-42A3-9474-1A3956D46DE8}") = "Common", "Common", "{381CC5FD-FA50-4DB4-9B57-3B60B069F5CB}"
EndProject
Project("{9A19103F-16F7-4668-BE54-9A1E7A4F7556}") = "Factories", "Factories\Factories.csproj", "{559F6517-62E9-47BB-A72D-4634D1290D10}"
EndProject
Project("{9A19103F-16F7-4668-BE54-9A1E7A4F7556}") = "Util", "Util\Util.csproj", "{DB6F4B93-A33A-4471-A15E-697B12C64651}"
EndProject
Project("{2150E333-8FDC-42A3-9474-1A3956D46DE8}") = "Logger", "Logger", "{9867100C-53F4-4739-9805-1B57091DE087}"
EndProject
Project("{9A19103F-16F7-4668-BE54-9A1E7A4F7556}") = "Logger", "Logger\Logger.csproj", "{5640422C-BAB5-455A-8ABF-EA0AD8CB672C}"
EndProject
Project("{9A19103F-16F7-4668-BE54-9A1E7A4F7556}") = "Logger.Contract", "Logger.Contract\Logger.Contract.csproj", "{923AC96D-46A5-4A7E-849C-2156CA1D645E}"
EndProject
Project("{9A19103F-16F7-4668-BE54-9A1E7A4F7556}") = "Isango.Register", "Isango.Register\Isango.Register.csproj", "{B0425F0C-6A78-4E94-A497-BCE6FBCB9EC0}"
EndProject
Project("{2150E333-8FDC-42A3-9474-1A3956D46DE8}") = "Cache", "Cache", "{13EB85F9-926D-43FF-A6C6-5AF6BD308C89}"
EndProject
Project("{9A19103F-16F7-4668-BE54-9A1E7A4F7556}") = "CacheManager.Contract", "CacheManager.Contract\CacheManager.Contract.csproj", "{05246BA5-A99E-488E-9CF4-65A5EAE66686}"
EndProject
Project("{9A19103F-16F7-4668-BE54-9A1E7A4F7556}") = "CacheManager", "CacheManager\CacheManager.csproj", "{984D7D5F-7BF4-4F4C-B49A-4E28BAD5000E}"
EndProject
Project("{9A19103F-16F7-4668-BE54-9A1E7A4F7556}") = "TableStorageOperations", "TableStorageOperations\TableStorageOperations.csproj", "{88162BD3-5269-44E4-90FC-51DA31ACB4C0}"
EndProject
Project("{9A19103F-16F7-4668-BE54-9A1E7A4F7556}") = "PriceRuleEngine", "PriceRuleEngine\PriceRuleEngine.csproj", "{F81F94BC-13A2-462F-AB0C-3F5C7BA417DE}"
EndProject
Project("{9A19103F-16F7-4668-BE54-9A1E7A4F7556}") = "Isango.Mailer", "Isango.Mailer\Isango.Mailer.csproj", "{F2F56388-053D-4957-B57B-F99DE76B76A6}"
EndProject
Project("{9A19103F-16F7-4668-BE54-9A1E7A4F7556}") = "DiscountRuleEngine", "DiscountRuleEngine\DiscountRuleEngine.csproj", "{129DF73A-CDFD-4710-8F05-D25266E0D299}"
EndProject
Project("{9A19103F-16F7-4668-BE54-9A1E7A4F7556}") = "ActivityWrapper", "ActivityWrapper\ActivityWrapper.csproj", "{5B5C2789-6F14-497E-AAAE-121A4365ACB1}"
EndProject
Project("{2150E333-8FDC-42A3-9474-1A3956D46DE8}") = "ApplicationCache", "ApplicationCache", "{18D5DC78-5199-4F07-9EBC-D1B8102E5399}"
EndProject
Project("{9A19103F-16F7-4668-BE54-9A1E7A4F7556}") = "ApplicationCacheManager.Contract", "ApplicationCacheManager.Contract\ApplicationCacheManager.Contract.csproj", "{729AFDD6-D364-471B-8B67-2A95F5A26E9C}"
EndProject
Project("{9A19103F-16F7-4668-BE54-9A1E7A4F7556}") = "ApplicationCacheManager", "ApplicationCacheManager\ApplicationCacheManager.csproj", "{FEA1752D-8863-42A4-9C99-CFA9EA93B3BF}"
EndProject
Project("{2150E333-8FDC-42A3-9474-1A3956D46DE8}") = "Webjob", "Webjob", "{66FFBA4D-F32E-4F95-A08D-122DE587E753}"
EndProject
Project("{9A19103F-16F7-4668-BE54-9A1E7A4F7556}") = "CacheLoader.HangFire", "CacheLoader.HangFire\CacheLoader.HangFire.csproj", "{CA5B744B-9F7A-4601-B1F4-7726A2293207}"
EndProject
Project("{2150E333-8FDC-42A3-9474-1A3956D46DE8}") = "UnitTests", "UnitTests", "{1BC170FA-4070-404F-9F05-94C75D337B23}"
EndProject
Project("{9A19103F-16F7-4668-BE54-9A1E7A4F7556}") = "Isango.Cache.Test", "Isango.Cache.Test\Isango.Cache.Test.csproj", "{3E703411-16E5-416B-9F00-4D6D913FB703}"
EndProject
Project("{9A19103F-16F7-4668-BE54-9A1E7A4F7556}") = "Isango.Persistence.Test", "Isango.Persistence.Test\Isango.Persistence.Test.csproj", "{1A7C550E-8C5A-4928-90DC-EB127C37C1EE}"
EndProject
Project("{9A19103F-16F7-4668-BE54-9A1E7A4F7556}") = "Isango.ActivityWrapper.Test", "Isango.ActivityWrapper.Test\Isango.ActivityWrapper.Test.csproj", "{DF2AD951-21CE-4F9B-BCF8-4DF9B14A2CF2}"
EndProject
Project("{9A19103F-16F7-4668-BE54-9A1E7A4F7556}") = "Isango.Booking.Test", "Isango.Booking.Test\Isango.Booking.Test.csproj", "{F58A42C9-FBF3-4D54-8648-6CF7240C3D1E}"
EndProject
Project("{9A19103F-16F7-4668-BE54-9A1E7A4F7556}") = "Isango.Adapter.Test", "Isango.Adapter.Test\Isango.Adapter.Test.csproj", "{44A948FB-6687-4840-89D1-1AE94B8A0E04}"
EndProject
Project("{9A19103F-16F7-4668-BE54-9A1E7A4F7556}") = "Isango.WebAPI.Test", "Isango.WebAPI.Test\Isango.WebAPI.Test.csproj", "{092E70E4-CB50-43BF-A6B1-CC01FE28341F}"
EndProject
Project("{9A19103F-16F7-4668-BE54-9A1E7A4F7556}") = "Isango.DataDumping.Test", "Isango.DataDumping.Test\Isango.DataDumping.Test.csproj", "{7905E819-C33E-4220-BF5B-03F0CC66057A}"
EndProject
Project("{9A19103F-16F7-4668-BE54-9A1E7A4F7556}") = "Isango.Services.Test", "Isango.Services.Test\Isango.Services.Test.csproj", "{575CCB00-31C7-450F-9B7E-10F7CDC6A0FC}"
EndProject
Project("{9A19103F-16F7-4668-BE54-9A1E7A4F7556}") = "AsyncBooking.HangFire", "AsyncBooking.HangFire\AsyncBooking.HangFire.csproj", "{DFFF0A0E-2F92-494C-9FF6-EBF0CE6B58F4}"
EndProject
Project("{9A19103F-16F7-4668-BE54-9A1E7A4F7556}") = "DataDumpingQueue.Hangfire", "DataDumpingQueue.Hangfire\DataDumpingQueue.Hangfire.csproj", "{E4DB4D38-3991-4FA8-B6C5-28AA6DEA1638}"
EndProject
Project("{9A19103F-16F7-4668-BE54-9A1E7A4F7556}") = "DataDumping.HangFire", "DataDumping.HangFire\DataDumping.HangFire.csproj", "{CE0C06F1-20DC-4217-AD46-9C3DE70DA5F1}"
EndProject
Project("{2150E333-8FDC-42A3-9474-1A3956D46DE8}") = "HangFire", "HangFire", "{693B0352-6D5B-4AFC-9C5F-E3B2C7A6F72B}"
EndProject
Project("{9A19103F-16F7-4668-BE54-9A1E7A4F7556}") = "EmailService", "EmailService\EmailService.csproj", "{EB833350-04E6-4621-BFB9-853A9A3FD63B}"
EndProject
Project("{2150E333-8FDC-42A3-9474-1A3956D46DE8}") = "Solution Items", "Solution Items", "{EB16DAB9-E314-472D-ADEC-4825095598DD}"
	ProjectSection(SolutionItems) = preProject
		.editorconfig = .editorconfig
	EndProjectSection
EndProject
Global
	GlobalSection(SolutionConfigurationPlatforms) = preSolution
		Debug|Any CPU = Debug|Any CPU
		Release|Any CPU = Release|Any CPU
	EndGlobalSection
	GlobalSection(ProjectConfigurationPlatforms) = postSolution
		{D1F924F6-18C5-41EA-A460-F39140052133}.Debug|Any CPU.ActiveCfg = Debug|Any CPU
		{D1F924F6-18C5-41EA-A460-F39140052133}.Debug|Any CPU.Build.0 = Debug|Any CPU
		{D1F924F6-18C5-41EA-A460-F39140052133}.Release|Any CPU.ActiveCfg = Release|Any CPU
		{D1F924F6-18C5-41EA-A460-F39140052133}.Release|Any CPU.Build.0 = Release|Any CPU
		{E280F7DC-188F-4BDE-AEEB-6AA854BF1FC9}.Debug|Any CPU.ActiveCfg = Debug|Any CPU
		{E280F7DC-188F-4BDE-AEEB-6AA854BF1FC9}.Debug|Any CPU.Build.0 = Debug|Any CPU
		{E280F7DC-188F-4BDE-AEEB-6AA854BF1FC9}.Release|Any CPU.ActiveCfg = Release|Any CPU
		{E280F7DC-188F-4BDE-AEEB-6AA854BF1FC9}.Release|Any CPU.Build.0 = Release|Any CPU
		{0FB23321-B427-472B-A14C-008F2AFBFA00}.Debug|Any CPU.ActiveCfg = Debug|Any CPU
		{0FB23321-B427-472B-A14C-008F2AFBFA00}.Debug|Any CPU.Build.0 = Debug|Any CPU
		{0FB23321-B427-472B-A14C-008F2AFBFA00}.Release|Any CPU.ActiveCfg = Release|Any CPU
		{0FB23321-B427-472B-A14C-008F2AFBFA00}.Release|Any CPU.Build.0 = Release|Any CPU
		{A9F3A764-B82D-4F95-9927-CAFCB225A2BE}.Debug|Any CPU.ActiveCfg = Debug|Any CPU
		{A9F3A764-B82D-4F95-9927-CAFCB225A2BE}.Debug|Any CPU.Build.0 = Debug|Any CPU
		{A9F3A764-B82D-4F95-9927-CAFCB225A2BE}.Release|Any CPU.ActiveCfg = Release|Any CPU
		{A9F3A764-B82D-4F95-9927-CAFCB225A2BE}.Release|Any CPU.Build.0 = Release|Any CPU
		{30AA19EC-DDDB-496E-AF79-03272E6F38AC}.Debug|Any CPU.ActiveCfg = Debug|Any CPU
		{30AA19EC-DDDB-496E-AF79-03272E6F38AC}.Debug|Any CPU.Build.0 = Debug|Any CPU
		{30AA19EC-DDDB-496E-AF79-03272E6F38AC}.Release|Any CPU.ActiveCfg = Release|Any CPU
		{30AA19EC-DDDB-496E-AF79-03272E6F38AC}.Release|Any CPU.Build.0 = Release|Any CPU
		{774819A7-0117-4EB6-9CD1-92B1BA74FDBF}.Debug|Any CPU.ActiveCfg = Debug|Any CPU
		{774819A7-0117-4EB6-9CD1-92B1BA74FDBF}.Debug|Any CPU.Build.0 = Debug|Any CPU
		{774819A7-0117-4EB6-9CD1-92B1BA74FDBF}.Release|Any CPU.ActiveCfg = Release|Any CPU
		{774819A7-0117-4EB6-9CD1-92B1BA74FDBF}.Release|Any CPU.Build.0 = Release|Any CPU
		{DE7C2F93-E113-4152-A544-E328934E6778}.Debug|Any CPU.ActiveCfg = Debug|Any CPU
		{DE7C2F93-E113-4152-A544-E328934E6778}.Debug|Any CPU.Build.0 = Debug|Any CPU
		{DE7C2F93-E113-4152-A544-E328934E6778}.Release|Any CPU.ActiveCfg = Release|Any CPU
		{DE7C2F93-E113-4152-A544-E328934E6778}.Release|Any CPU.Build.0 = Release|Any CPU
		{559F6517-62E9-47BB-A72D-4634D1290D10}.Debug|Any CPU.ActiveCfg = Debug|Any CPU
		{559F6517-62E9-47BB-A72D-4634D1290D10}.Debug|Any CPU.Build.0 = Debug|Any CPU
		{559F6517-62E9-47BB-A72D-4634D1290D10}.Release|Any CPU.ActiveCfg = Release|Any CPU
		{559F6517-62E9-47BB-A72D-4634D1290D10}.Release|Any CPU.Build.0 = Release|Any CPU
		{DB6F4B93-A33A-4471-A15E-697B12C64651}.Debug|Any CPU.ActiveCfg = Debug|Any CPU
		{DB6F4B93-A33A-4471-A15E-697B12C64651}.Debug|Any CPU.Build.0 = Debug|Any CPU
		{DB6F4B93-A33A-4471-A15E-697B12C64651}.Release|Any CPU.ActiveCfg = Release|Any CPU
		{DB6F4B93-A33A-4471-A15E-697B12C64651}.Release|Any CPU.Build.0 = Release|Any CPU
		{5640422C-BAB5-455A-8ABF-EA0AD8CB672C}.Debug|Any CPU.ActiveCfg = Debug|Any CPU
		{5640422C-BAB5-455A-8ABF-EA0AD8CB672C}.Debug|Any CPU.Build.0 = Debug|Any CPU
		{5640422C-BAB5-455A-8ABF-EA0AD8CB672C}.Release|Any CPU.ActiveCfg = Release|Any CPU
		{5640422C-BAB5-455A-8ABF-EA0AD8CB672C}.Release|Any CPU.Build.0 = Release|Any CPU
		{923AC96D-46A5-4A7E-849C-2156CA1D645E}.Debug|Any CPU.ActiveCfg = Debug|Any CPU
		{923AC96D-46A5-4A7E-849C-2156CA1D645E}.Debug|Any CPU.Build.0 = Debug|Any CPU
		{923AC96D-46A5-4A7E-849C-2156CA1D645E}.Release|Any CPU.ActiveCfg = Release|Any CPU
		{923AC96D-46A5-4A7E-849C-2156CA1D645E}.Release|Any CPU.Build.0 = Release|Any CPU
		{B0425F0C-6A78-4E94-A497-BCE6FBCB9EC0}.Debug|Any CPU.ActiveCfg = Debug|Any CPU
		{B0425F0C-6A78-4E94-A497-BCE6FBCB9EC0}.Debug|Any CPU.Build.0 = Debug|Any CPU
		{B0425F0C-6A78-4E94-A497-BCE6FBCB9EC0}.Release|Any CPU.ActiveCfg = Release|Any CPU
		{B0425F0C-6A78-4E94-A497-BCE6FBCB9EC0}.Release|Any CPU.Build.0 = Release|Any CPU
		{05246BA5-A99E-488E-9CF4-65A5EAE66686}.Debug|Any CPU.ActiveCfg = Debug|Any CPU
		{05246BA5-A99E-488E-9CF4-65A5EAE66686}.Debug|Any CPU.Build.0 = Debug|Any CPU
		{05246BA5-A99E-488E-9CF4-65A5EAE66686}.Release|Any CPU.ActiveCfg = Release|Any CPU
		{05246BA5-A99E-488E-9CF4-65A5EAE66686}.Release|Any CPU.Build.0 = Release|Any CPU
		{984D7D5F-7BF4-4F4C-B49A-4E28BAD5000E}.Debug|Any CPU.ActiveCfg = Debug|Any CPU
		{984D7D5F-7BF4-4F4C-B49A-4E28BAD5000E}.Debug|Any CPU.Build.0 = Debug|Any CPU
		{984D7D5F-7BF4-4F4C-B49A-4E28BAD5000E}.Release|Any CPU.ActiveCfg = Release|Any CPU
		{984D7D5F-7BF4-4F4C-B49A-4E28BAD5000E}.Release|Any CPU.Build.0 = Release|Any CPU
		{88162BD3-5269-44E4-90FC-51DA31ACB4C0}.Debug|Any CPU.ActiveCfg = Debug|Any CPU
		{88162BD3-5269-44E4-90FC-51DA31ACB4C0}.Debug|Any CPU.Build.0 = Debug|Any CPU
		{88162BD3-5269-44E4-90FC-51DA31ACB4C0}.Release|Any CPU.ActiveCfg = Release|Any CPU
		{88162BD3-5269-44E4-90FC-51DA31ACB4C0}.Release|Any CPU.Build.0 = Release|Any CPU
		{F81F94BC-13A2-462F-AB0C-3F5C7BA417DE}.Debug|Any CPU.ActiveCfg = Debug|Any CPU
		{F81F94BC-13A2-462F-AB0C-3F5C7BA417DE}.Debug|Any CPU.Build.0 = Debug|Any CPU
		{F81F94BC-13A2-462F-AB0C-3F5C7BA417DE}.Release|Any CPU.ActiveCfg = Release|Any CPU
		{F81F94BC-13A2-462F-AB0C-3F5C7BA417DE}.Release|Any CPU.Build.0 = Release|Any CPU
		{F2F56388-053D-4957-B57B-F99DE76B76A6}.Debug|Any CPU.ActiveCfg = Debug|Any CPU
		{F2F56388-053D-4957-B57B-F99DE76B76A6}.Debug|Any CPU.Build.0 = Debug|Any CPU
		{F2F56388-053D-4957-B57B-F99DE76B76A6}.Release|Any CPU.ActiveCfg = Release|Any CPU
		{F2F56388-053D-4957-B57B-F99DE76B76A6}.Release|Any CPU.Build.0 = Release|Any CPU
		{129DF73A-CDFD-4710-8F05-D25266E0D299}.Debug|Any CPU.ActiveCfg = Debug|Any CPU
		{129DF73A-CDFD-4710-8F05-D25266E0D299}.Debug|Any CPU.Build.0 = Debug|Any CPU
		{129DF73A-CDFD-4710-8F05-D25266E0D299}.Release|Any CPU.ActiveCfg = Release|Any CPU
		{129DF73A-CDFD-4710-8F05-D25266E0D299}.Release|Any CPU.Build.0 = Release|Any CPU
		{5B5C2789-6F14-497E-AAAE-121A4365ACB1}.Debug|Any CPU.ActiveCfg = Debug|Any CPU
		{5B5C2789-6F14-497E-AAAE-121A4365ACB1}.Debug|Any CPU.Build.0 = Debug|Any CPU
		{5B5C2789-6F14-497E-AAAE-121A4365ACB1}.Release|Any CPU.ActiveCfg = Release|Any CPU
		{5B5C2789-6F14-497E-AAAE-121A4365ACB1}.Release|Any CPU.Build.0 = Release|Any CPU
		{729AFDD6-D364-471B-8B67-2A95F5A26E9C}.Debug|Any CPU.ActiveCfg = Debug|Any CPU
		{729AFDD6-D364-471B-8B67-2A95F5A26E9C}.Debug|Any CPU.Build.0 = Debug|Any CPU
		{729AFDD6-D364-471B-8B67-2A95F5A26E9C}.Release|Any CPU.ActiveCfg = Release|Any CPU
		{729AFDD6-D364-471B-8B67-2A95F5A26E9C}.Release|Any CPU.Build.0 = Release|Any CPU
		{FEA1752D-8863-42A4-9C99-CFA9EA93B3BF}.Debug|Any CPU.ActiveCfg = Debug|Any CPU
		{FEA1752D-8863-42A4-9C99-CFA9EA93B3BF}.Debug|Any CPU.Build.0 = Debug|Any CPU
		{FEA1752D-8863-42A4-9C99-CFA9EA93B3BF}.Release|Any CPU.ActiveCfg = Release|Any CPU
		{FEA1752D-8863-42A4-9C99-CFA9EA93B3BF}.Release|Any CPU.Build.0 = Release|Any CPU
		{CA5B744B-9F7A-4601-B1F4-7726A2293207}.Debug|Any CPU.ActiveCfg = Debug|Any CPU
		{CA5B744B-9F7A-4601-B1F4-7726A2293207}.Debug|Any CPU.Build.0 = Debug|Any CPU
		{CA5B744B-9F7A-4601-B1F4-7726A2293207}.Release|Any CPU.ActiveCfg = Release|Any CPU
		{CA5B744B-9F7A-4601-B1F4-7726A2293207}.Release|Any CPU.Build.0 = Release|Any CPU
		{3E703411-16E5-416B-9F00-4D6D913FB703}.Debug|Any CPU.ActiveCfg = Debug|Any CPU
		{3E703411-16E5-416B-9F00-4D6D913FB703}.Debug|Any CPU.Build.0 = Debug|Any CPU
		{3E703411-16E5-416B-9F00-4D6D913FB703}.Release|Any CPU.ActiveCfg = Release|Any CPU
		{3E703411-16E5-416B-9F00-4D6D913FB703}.Release|Any CPU.Build.0 = Release|Any CPU
		{1A7C550E-8C5A-4928-90DC-EB127C37C1EE}.Debug|Any CPU.ActiveCfg = Debug|Any CPU
		{1A7C550E-8C5A-4928-90DC-EB127C37C1EE}.Debug|Any CPU.Build.0 = Debug|Any CPU
		{1A7C550E-8C5A-4928-90DC-EB127C37C1EE}.Release|Any CPU.ActiveCfg = Release|Any CPU
		{1A7C550E-8C5A-4928-90DC-EB127C37C1EE}.Release|Any CPU.Build.0 = Release|Any CPU
		{DF2AD951-21CE-4F9B-BCF8-4DF9B14A2CF2}.Debug|Any CPU.ActiveCfg = Debug|Any CPU
		{DF2AD951-21CE-4F9B-BCF8-4DF9B14A2CF2}.Debug|Any CPU.Build.0 = Debug|Any CPU
		{DF2AD951-21CE-4F9B-BCF8-4DF9B14A2CF2}.Release|Any CPU.ActiveCfg = Release|Any CPU
		{DF2AD951-21CE-4F9B-BCF8-4DF9B14A2CF2}.Release|Any CPU.Build.0 = Release|Any CPU
		{F58A42C9-FBF3-4D54-8648-6CF7240C3D1E}.Debug|Any CPU.ActiveCfg = Debug|Any CPU
		{F58A42C9-FBF3-4D54-8648-6CF7240C3D1E}.Debug|Any CPU.Build.0 = Debug|Any CPU
		{F58A42C9-FBF3-4D54-8648-6CF7240C3D1E}.Release|Any CPU.ActiveCfg = Release|Any CPU
		{F58A42C9-FBF3-4D54-8648-6CF7240C3D1E}.Release|Any CPU.Build.0 = Release|Any CPU
		{44A948FB-6687-4840-89D1-1AE94B8A0E04}.Debug|Any CPU.ActiveCfg = Debug|Any CPU
		{44A948FB-6687-4840-89D1-1AE94B8A0E04}.Debug|Any CPU.Build.0 = Debug|Any CPU
		{44A948FB-6687-4840-89D1-1AE94B8A0E04}.Release|Any CPU.ActiveCfg = Release|Any CPU
		{44A948FB-6687-4840-89D1-1AE94B8A0E04}.Release|Any CPU.Build.0 = Release|Any CPU
		{092E70E4-CB50-43BF-A6B1-CC01FE28341F}.Debug|Any CPU.ActiveCfg = Debug|Any CPU
		{092E70E4-CB50-43BF-A6B1-CC01FE28341F}.Debug|Any CPU.Build.0 = Debug|Any CPU
		{092E70E4-CB50-43BF-A6B1-CC01FE28341F}.Release|Any CPU.ActiveCfg = Release|Any CPU
		{092E70E4-CB50-43BF-A6B1-CC01FE28341F}.Release|Any CPU.Build.0 = Release|Any CPU
		{7905E819-C33E-4220-BF5B-03F0CC66057A}.Debug|Any CPU.ActiveCfg = Debug|Any CPU
		{7905E819-C33E-4220-BF5B-03F0CC66057A}.Debug|Any CPU.Build.0 = Debug|Any CPU
		{7905E819-C33E-4220-BF5B-03F0CC66057A}.Release|Any CPU.ActiveCfg = Release|Any CPU
		{7905E819-C33E-4220-BF5B-03F0CC66057A}.Release|Any CPU.Build.0 = Release|Any CPU
		{575CCB00-31C7-450F-9B7E-10F7CDC6A0FC}.Debug|Any CPU.ActiveCfg = Debug|Any CPU
		{575CCB00-31C7-450F-9B7E-10F7CDC6A0FC}.Debug|Any CPU.Build.0 = Debug|Any CPU
		{575CCB00-31C7-450F-9B7E-10F7CDC6A0FC}.Release|Any CPU.ActiveCfg = Release|Any CPU
		{575CCB00-31C7-450F-9B7E-10F7CDC6A0FC}.Release|Any CPU.Build.0 = Release|Any CPU
		{DFFF0A0E-2F92-494C-9FF6-EBF0CE6B58F4}.Debug|Any CPU.ActiveCfg = Debug|Any CPU
		{DFFF0A0E-2F92-494C-9FF6-EBF0CE6B58F4}.Debug|Any CPU.Build.0 = Debug|Any CPU
		{DFFF0A0E-2F92-494C-9FF6-EBF0CE6B58F4}.Release|Any CPU.ActiveCfg = Release|Any CPU
		{DFFF0A0E-2F92-494C-9FF6-EBF0CE6B58F4}.Release|Any CPU.Build.0 = Release|Any CPU
		{E4DB4D38-3991-4FA8-B6C5-28AA6DEA1638}.Debug|Any CPU.ActiveCfg = Debug|Any CPU
		{E4DB4D38-3991-4FA8-B6C5-28AA6DEA1638}.Debug|Any CPU.Build.0 = Debug|Any CPU
		{E4DB4D38-3991-4FA8-B6C5-28AA6DEA1638}.Release|Any CPU.ActiveCfg = Release|Any CPU
		{E4DB4D38-3991-4FA8-B6C5-28AA6DEA1638}.Release|Any CPU.Build.0 = Release|Any CPU
		{CE0C06F1-20DC-4217-AD46-9C3DE70DA5F1}.Debug|Any CPU.ActiveCfg = Debug|Any CPU
		{CE0C06F1-20DC-4217-AD46-9C3DE70DA5F1}.Debug|Any CPU.Build.0 = Debug|Any CPU
		{CE0C06F1-20DC-4217-AD46-9C3DE70DA5F1}.Release|Any CPU.ActiveCfg = Release|Any CPU
		{CE0C06F1-20DC-4217-AD46-9C3DE70DA5F1}.Release|Any CPU.Build.0 = Release|Any CPU
		{EB833350-04E6-4621-BFB9-853A9A3FD63B}.Debug|Any CPU.ActiveCfg = Debug|Any CPU
		{EB833350-04E6-4621-BFB9-853A9A3FD63B}.Debug|Any CPU.Build.0 = Debug|Any CPU
		{EB833350-04E6-4621-BFB9-853A9A3FD63B}.Release|Any CPU.ActiveCfg = Release|Any CPU
		{EB833350-04E6-4621-BFB9-853A9A3FD63B}.Release|Any CPU.Build.0 = Release|Any CPU
	EndGlobalSection
	GlobalSection(SolutionProperties) = preSolution
		HideSolutionNode = FALSE
	EndGlobalSection
	GlobalSection(NestedProjects) = preSolution
		{0FB23321-B427-472B-A14C-008F2AFBFA00} = {A33043A0-511D-4AFE-8535-09C3CD0ECE2D}
		{A9F3A764-B82D-4F95-9927-CAFCB225A2BE} = {A33043A0-511D-4AFE-8535-09C3CD0ECE2D}
		{30AA19EC-DDDB-496E-AF79-03272E6F38AC} = {6FF00C45-58E7-4252-BDC4-F5E97D283CB5}
		{774819A7-0117-4EB6-9CD1-92B1BA74FDBF} = {6FF00C45-58E7-4252-BDC4-F5E97D283CB5}
		{84179BE6-4BF3-497E-B4CC-E5364BCDA2E2} = {A33043A0-511D-4AFE-8535-09C3CD0ECE2D}
		{DE7C2F93-E113-4152-A544-E328934E6778} = {84179BE6-4BF3-497E-B4CC-E5364BCDA2E2}
		{559F6517-62E9-47BB-A72D-4634D1290D10} = {381CC5FD-FA50-4DB4-9B57-3B60B069F5CB}
		{DB6F4B93-A33A-4471-A15E-697B12C64651} = {381CC5FD-FA50-4DB4-9B57-3B60B069F5CB}
		{5640422C-BAB5-455A-8ABF-EA0AD8CB672C} = {9867100C-53F4-4739-9805-1B57091DE087}
		{923AC96D-46A5-4A7E-849C-2156CA1D645E} = {9867100C-53F4-4739-9805-1B57091DE087}
		{05246BA5-A99E-488E-9CF4-65A5EAE66686} = {13EB85F9-926D-43FF-A6C6-5AF6BD308C89}
		{984D7D5F-7BF4-4F4C-B49A-4E28BAD5000E} = {13EB85F9-926D-43FF-A6C6-5AF6BD308C89}
		{88162BD3-5269-44E4-90FC-51DA31ACB4C0} = {381CC5FD-FA50-4DB4-9B57-3B60B069F5CB}
		{729AFDD6-D364-471B-8B67-2A95F5A26E9C} = {18D5DC78-5199-4F07-9EBC-D1B8102E5399}
		{FEA1752D-8863-42A4-9C99-CFA9EA93B3BF} = {18D5DC78-5199-4F07-9EBC-D1B8102E5399}
		{CA5B744B-9F7A-4601-B1F4-7726A2293207} = {13EB85F9-926D-43FF-A6C6-5AF6BD308C89}
		{3E703411-16E5-416B-9F00-4D6D913FB703} = {1BC170FA-4070-404F-9F05-94C75D337B23}
		{1A7C550E-8C5A-4928-90DC-EB127C37C1EE} = {1BC170FA-4070-404F-9F05-94C75D337B23}
		{DF2AD951-21CE-4F9B-BCF8-4DF9B14A2CF2} = {1BC170FA-4070-404F-9F05-94C75D337B23}
		{F58A42C9-FBF3-4D54-8648-6CF7240C3D1E} = {1BC170FA-4070-404F-9F05-94C75D337B23}
		{44A948FB-6687-4840-89D1-1AE94B8A0E04} = {1BC170FA-4070-404F-9F05-94C75D337B23}
		{092E70E4-CB50-43BF-A6B1-CC01FE28341F} = {1BC170FA-4070-404F-9F05-94C75D337B23}
		{7905E819-C33E-4220-BF5B-03F0CC66057A} = {1BC170FA-4070-404F-9F05-94C75D337B23}
		{575CCB00-31C7-450F-9B7E-10F7CDC6A0FC} = {1BC170FA-4070-404F-9F05-94C75D337B23}
		{DFFF0A0E-2F92-494C-9FF6-EBF0CE6B58F4} = {66FFBA4D-F32E-4F95-A08D-122DE587E753}
		{E4DB4D38-3991-4FA8-B6C5-28AA6DEA1638} = {66FFBA4D-F32E-4F95-A08D-122DE587E753}
		{CE0C06F1-20DC-4217-AD46-9C3DE70DA5F1} = {66FFBA4D-F32E-4F95-A08D-122DE587E753}
		{EB833350-04E6-4621-BFB9-853A9A3FD63B} = {693B0352-6D5B-4AFC-9C5F-E3B2C7A6F72B}
	EndGlobalSection
	GlobalSection(ExtensibilityGlobals) = postSolution
		SolutionGuid = {77253272-E077-4032-B79C-D1C9CAF0FB17}
	EndGlobalSection
EndGlobal
